# THIS IS AN AUTOGENERATED FILE. DO NOT EDIT THIS FILE DIRECTLY.
# yarn lockfile v1


"@babel/runtime@^7.3.4":
  version "7.6.3"
  resolved "https://registry.yarnpkg.com/@babel/runtime/-/runtime-7.6.3.tgz#935122c74c73d2240cafd32ddb5fc2a6cd35cf1f"
  integrity sha512-kq6anf9JGjW8Nt5rYfEuGRaEAaH1mkv3Bbu6rYvLOpPh/RusSJXuKPEAoZ7L7gybZkchE8+NV5g9vKF4AGAtsA==
  dependencies:
    regenerator-runtime "^0.13.2"

"@holoflows/kit@^0.6.1":
  version "0.6.1"
  resolved "https://registry.yarnpkg.com/@holoflows/kit/-/kit-0.6.1.tgz#5dd78a8ba3dc6c6f9e2b0e088a741af14d22e38e"
  integrity sha512-qm7gV65hpD3Pi8cKZ6DF5wXmvlNSheelOB1KFK/pbDAvFI+WD5S0Uwf+c5jMH0JIgEh5e0/oo01P0HXh1Gmn6A==
  dependencies:
    "@types/lodash-es" "^4.1.4"
    async-call-rpc "^1.0.0"
    concurrent-lock "^1.0.7"
    jsx-jsonml-devtools-renderer "^1.4.1"
    lodash-es "^4.17.15"
    memorize-decorator "^0.2.2"
    mitt "^1.1.3"
    web-ext-types "^3.2.1"

"@types/lodash-es@^4.1.4":
  version "4.17.3"
  resolved "https://registry.yarnpkg.com/@types/lodash-es/-/lodash-es-4.17.3.tgz#87eb0b3673b076b8ee655f1890260a136af09a2d"
  integrity sha512-iHI0i7ZAL1qepz1Y7f3EKg/zUMDwDfTzitx+AlHhJJvXwenP682ZyGbgPSc5Ej3eEAKVbNWKFuwOadCj5vBbYQ==
  dependencies:
    "@types/lodash" "*"

"@types/lodash@*":
  version "4.14.144"
  resolved "https://registry.yarnpkg.com/@types/lodash/-/lodash-4.14.144.tgz#12e57fc99064bce45e5ab3c8bc4783feb75eab8e"
  integrity sha512-ogI4g9W5qIQQUhXAclq6zhqgqNUr7UlFaqDHbch7WLSLeeM/7d3CRaw7GLajxvyFvhJqw4Rpcz5bhoaYtIx6Tg==

async-call-rpc@^1.0.0:
  version "1.0.0"
  resolved "https://registry.yarnpkg.com/async-call-rpc/-/async-call-rpc-1.0.0.tgz#a2dd6a192b353b717fdf0881da9c805c58e3cb44"
  integrity sha512-J2bj2HfUPKJCf7i/Lgxjj51+L0xg5xzENK1zkH3xZhsg2PFj2rxwwIRhqSKvGW6z3d6ukjcQWHg/0UbtsuFD2g==

concurrent-lock@^1.0.7:
  version "1.0.7"
  resolved "https://registry.yarnpkg.com/concurrent-lock/-/concurrent-lock-1.0.7.tgz#ceda4cec9adcbe3062f91e7401c33f1c9a1489d5"
  integrity sha512-WhivxLzkjaqpd3Bs+8UCq8cDznvx4vX5tzW17Zbk1c8nyuALt3h7EK5qpc3BSLFZADpCmMJieqUoZ6iOSTYIPA==
  dependencies:
    "@babel/runtime" "^7.3.4"

csstype@^2.6.6:
  version "2.6.7"
  resolved "https://registry.yarnpkg.com/csstype/-/csstype-2.6.7.tgz#20b0024c20b6718f4eda3853a1f5a1cce7f5e4a5"
  integrity sha512-9Mcn9sFbGBAdmimWb2gLVDtFJzeKtDGIr76TUqmjZrw9LFXBMSU70lcs+C0/7fyCd6iBDqmksUcCOUIkisPHsQ==

jsx-jsonml-devtools-renderer@^1.4.1:
  version "1.4.1"
  resolved "https://registry.yarnpkg.com/jsx-jsonml-devtools-renderer/-/jsx-jsonml-devtools-renderer-1.4.1.tgz#334f3343a883be895692482cc916705dccbf9372"
  integrity sha512-gTBQxtOznjpAuo20iTfR1urhrqTRY9Ss3HL/bGVSPet6bKGzED1XfcSS1TTJ/6HetybW3qGUkdUOdJiuhdY8bQ==
  dependencies:
    csstype "^2.6.6"

jsx-jsonml-devtools-renderer@^1.4.2:
  version "1.4.2"
  resolved "https://registry.yarnpkg.com/jsx-jsonml-devtools-renderer/-/jsx-jsonml-devtools-renderer-1.4.2.tgz#600edbe8841b4a88665d47275464d747d78ba6e5"
  integrity sha512-G2/5Nh2BXnOWzfXTKwHpSg05ZI9l6yf1VAx7tbgjkoUN6fBdcqev0jgBxD8tQgy+zBBxXI73Uu6qZG4NmefV0g==
  dependencies:
    csstype "^2.6.6"

lodash-es@^4.17.15:
  version "4.17.21"
  resolved "https://registry.yarnpkg.com/lodash-es/-/lodash-es-4.17.21.tgz#43e626c46e6591b7750beb2b50117390c609e3ee"
  integrity sha512-mKnC+QJ9pWVzv+C4/U3rRsHapFfHvQFoFB92e52xeyGMcX6/OlIl78je1u8vePzYZSkkogMPJ2yjxxsb89cxyw==

memorize-decorator@^0.2.2:
  version "0.2.2"
  resolved "https://registry.yarnpkg.com/memorize-decorator/-/memorize-decorator-0.2.2.tgz#f3dcb14a2584981b486454fa3f1bd59c17586d70"
  integrity sha512-gjMxF1Dw7alhiVbxTQiMcYtMCGJ8cGVdUPCEek88H4WvRGShozxObMFm1BMWctXXZpP7F7eIUJQkTa/jLPZeFQ==
  dependencies:
    multikey-map "^0.2.0"

mitt@^1.1.3:
  version "1.1.3"
  resolved "https://registry.yarnpkg.com/mitt/-/mitt-1.1.3.tgz#528c506238a05dce11cd914a741ea2cc332da9b8"
  integrity sha512-mUDCnVNsAi+eD6qA0HkRkwYczbLHJ49z17BGe2PYRhZL4wpZUFZGJHU7/5tmvohoma+Hdn0Vh/oJTiPEmgSruA==

mixed-map@^0.1.0:
  version "0.1.1"
  resolved "https://registry.yarnpkg.com/mixed-map/-/mixed-map-0.1.1.tgz#f3407171d13ed784ae3c1c6bb4f2c1233b4529e6"
  integrity sha512-k1bGC1J3EgXbvKM4qWUVygoF5BxZrL9pKprEXEL5l8p7lePA01IllCvpMnpEs5odne3JFc+efayDEPdX2OIxwg==

multikey-map@^0.2.0:
  version "0.2.0"
  resolved "https://registry.yarnpkg.com/multikey-map/-/multikey-map-0.2.0.tgz#3c2e7171e43c7facfa0910b81c4eb4c960650729"
  integrity sha512-0DkizPHr9u3oBL73vHJoFPChMvBfXQtZy2qsMfkam7qnqyOQn4C7D9lmNNQv+WmRZz2nNACi70sdncV/eVqL1A==
  dependencies:
    mixed-map "^0.1.0"

regenerator-runtime@^0.13.2:
  version "0.13.3"
  resolved "https://registry.yarnpkg.com/regenerator-runtime/-/regenerator-runtime-0.13.3.tgz#7cf6a77d8f5c6f60eb73c5fc1955b2ceb01e6bf5"
  integrity sha512-naKIZz2GQ8JWh///G7L3X6LaQUAMp2lvb1rvwwsURe/VXwD6VMfr+/1NuNw3ag8v2kY1aQ/go5SNn79O9JU7yw==

typescript@^3.6.4:
  version "3.6.4"
  resolved "https://registry.yarnpkg.com/typescript/-/typescript-3.6.4.tgz#b18752bb3792bc1a0281335f7f6ebf1bbfc5b91d"
  integrity sha512-unoCll1+l+YK4i4F8f22TaNVPRHcD9PA3yCuZ8g5e0qGqlVlJ/8FSateOLLSagn+Yg5+ZwuPkL8LFUc0Jcvksg==

web-ext-types@^3.2.1:
  version "3.2.1"
  resolved "https://registry.yarnpkg.com/web-ext-types/-/web-ext-types-3.2.1.tgz#3edc0e3c2e8fe121d7d7e4ca0b7ee0c883cea832"
  integrity sha512-oQZYDU3W8X867h8Jmt3129kRVKklz70db40Y6OzoTTuzOJpF/dB2KULJUf0txVPyUUXuyzV8GmT3nVvRHoG+Ew==
